
Microsoft Visual Studio Solution File, Format Version 12.00
# Visual Studio 14
VisualStudioVersion = 14.0.23107.0
MinimumVisualStudioVersion = 10.0.40219.1
Project("{FAE04EC0-301F-11D3-BF4B-00C04F79EFBC}") = "Office365FromAddin", "Office365FromAddin\Office365FromAddin.csproj", "{895F93BF-8E37-486A-BF37-2B713908706F}"
EndProject
Project("{FAE04EC0-301F-11D3-BF4B-00C04F79EFBC}") = "Office365FromAddin.Office", "Office365FromAddin.Office\Office365FromAddin.Office.csproj", "{9430F143-BA47-42AB-8E91-1D2C50177ADA}"
EndProject
Global
	GlobalSection(SolutionConfigurationPlatforms) = preSolution
		Debug|Any CPU = Debug|Any CPU
		Release|Any CPU = Release|Any CPU
	EndGlobalSection
	GlobalSection(ProjectConfigurationPlatforms) = postSolution
		{895F93BF-8E37-486A-BF37-2B713908706F}.Debug|Any CPU.ActiveCfg = Debug|Any CPU
		{895F93BF-8E37-486A-BF37-2B713908706F}.Debug|Any CPU.Build.0 = Debug|Any CPU
		{895F93BF-8E37-486A-BF37-2B713908706F}.Release|Any CPU.ActiveCfg = Release|Any CPU
		{895F93BF-8E37-486A-BF37-2B713908706F}.Release|Any CPU.Build.0 = Release|Any CPU
		{9430F143-BA47-42AB-8E91-1D2C50177ADA}.Debug|Any CPU.ActiveCfg = Debug|Any CPU
		{9430F143-BA47-42AB-8E91-1D2C50177ADA}.Debug|Any CPU.Build.0 = Debug|Any CPU
		{9430F143-BA47-42AB-8E91-1D2C50177ADA}.Debug|Any CPU.Deploy.0 = Debug|Any CPU
		{9430F143-BA47-42AB-8E91-1D2C50177ADA}.Release|Any CPU.ActiveCfg = Release|Any CPU
		{9430F143-BA47-42AB-8E91-1D2C50177ADA}.Release|Any CPU.Build.0 = Release|Any CPU
		{9430F143-BA47-42AB-8E91-1D2C50177ADA}.Release|Any CPU.Deploy.0 = Release|Any CPU
	EndGlobalSection
	GlobalSection(SolutionProperties) = preSolution
		HideSolutionNode = FALSE
	EndGlobalSection
EndGlobal
